
Microsoft Visual Studio Solution File, Format Version 12.00
# Visual Studio 15
VisualStudioVersion = 15.0.28307.1169
MinimumVisualStudioVersion = 10.0.40219.1
Project("{9A19103F-16F7-4668-BE54-9A1E7A4F7556}") = "Mikktspace.NET", "Mikktspace.NET.csproj", "{D23DFC1A-4055-4B20-B4E2-DCD3B78AB38C}"
EndProject
Global
	GlobalSection(SolutionConfigurationPlatforms) = preSolution
		Debug|Any CPU = Debug|Any CPU
		Release|Any CPU = Release|Any CPU
	EndGlobalSection
	GlobalSection(ProjectConfigurationPlatforms) = postSolution
		{D23DFC1A-4055-4B20-B4E2-DCD3B78AB38C}.Debug|Any CPU.ActiveCfg = Debug|Any CPU
		{D23DFC1A-4055-4B20-B4E2-DCD3B78AB38C}.Debug|Any CPU.Build.0 = Debug|Any CPU
		{D23DFC1A-4055-4B20-B4E2-DCD3B78AB38C}.Release|Any CPU.ActiveCfg = Release|Any CPU
		{D23DFC1A-4055-4B20-B4E2-DCD3B78AB38C}.Release|Any CPU.Build.0 = Release|Any CPU
	EndGlobalSection
	GlobalSection(SolutionProperties) = preSolution
		HideSolutionNode = FALSE
	EndGlobalSection
	GlobalSection(ExtensibilityGlobals) = postSolution
		SolutionGuid = {E5FF570B-BF67-4CD6-84AD-757275022C8B}
	EndGlobalSection
EndGlobal
